filippo.io/edwards25519 v1.1.0 h1:FNf4tywRC1HmFuKW5xopWpigGjJKiJSV0Cqo0cJWDaA=
filippo.io/edwards25519 v1.1.0/go.mod h1:BxyFTGdWcka3PhytdK4V28tE5sGfRvvvRV7EaN4VDT4=
github.com/cloudflare/circl v1.6.2 h1:hL7VBpHHKzrV5WTfHCaBsgx/HGbBYlgrwvNXEVDYYsQ=
github.com/cloudflare/circl v1.6.2/go.mod h1:2eXP6Qfat4O/Yhh8BznvKnJ+uzEoTQ6jVKJRn81BiS4=
github.com/davecgh/go-spew v1.1.1 h1:vj9j/u1bqnvCEfJOwUhtlOARqs3+rkHYY13jYWTU97c=
github.com/davecgh/go-spew v1.1.1/go.mod h1:J7Y8YcW2NihsgmVo/mv3lAwl/skON4iLHjSsI+c5H38=
github.com/ericlagergren/polyval v0.0.0-20220411101811-e25bc10ba391 h1:8j2RH289RJplhA6WfdaPqzg1MjH2K8wX5e0uhAxrw2g=
github.com/ericlagergren/polyval v0.0.0-20220411101811-e25bc10ba391/go.mod h1:K2R7GhgxrlJzHw2qiPWsCZXf/kXEJN9PLnQK73Ll0po=
github.com/ericlagergren/saferand v0.0.0-20220206064634-960a4dd2bc5c h1:RUzBDdZ+e/HEe2Nh8lYsduiPAZygUfVXJn0Ncj5sHMg=
github.com/ericlagergren/saferand v0.0.0-20220206064634-960a4dd2bc5c/go.mod h1:ETASDWf/FmEb6Ysrtd1QhjNedUU/ZQxBCRLh60bQ/UI=
github.com/ericlagergren/siv v0.0.0-20220507050439-0b757b3aa5f1 h1:tlDMEdcPRQKBEz5nGDMvswiajqh7k8ogWRlhRwKy5mY=
github.com/ericlagergren/siv v0.0.0-20220507050439-0b757b3aa5f1/go.mod h1:4RfsapbGx2j/vU5xC/5/9qB3kn9Awp1YDiEnN43QrJ4=
github.com/ericlagergren/subtle v0.0.0-20220507045147-890d697da010 h1:fuGucgPk5dN6wzfnxl3D0D3rVLw4v2SbBT9jb4VnxzA=
github.com/ericlagergren/subtle v0.0.0-20220507045147-890d697da010/go.mod h1:JtBcj7sBuTTRupn7c2bFspMDIObMJsVK8TeUvpShPok=
github.com/google/go-cmp v0.7.0 h1:wk8382ETsv4JYUZwIsn6YpYiWiBsYLSJiTsyBybVuN8=
github.com/google/go-cmp v0.7.0/go.mod h1:pXiqmnSA92OHEEa9HXL2W4E7lf9JzCmGVUdgjX3N/iU=
github.com/google/tink/go v1.6.1 h1:t7JHqO8Ath2w2ig5vjwQYJzhGEZymedQc90lQXUBa4I=
github.com/google/tink/go v1.6.1/go.mod h1:IGW53kTgag+st5yPhKKwJ6u2l+SSp5/v9XF7spovjlY=
github.com/pmezard/go-difflib v1.0.0 h1:4DBwDE0NGyQoBHbLQYPwSUPoCMWR5BEzIk/f1lZbAQM=
github.com/pmezard/go-difflib v1.0.0/go.mod h1:iKH77koFhYxTK1pcRnkKkqfTogsbg7gZNVY4sRDYZ/4=
github.com/stretchr/testify v1.11.1 h1:7s2iGBzp5EwR7/aIZr8ao5+dra3wiQyKjjFuvgVKu7U=
github.com/stretchr/testify v1.11.1/go.mod h1:wZwfW3scLgRK+23gO65QZefKpKQRnfz6sD981Nm4B6U=
golang.org/x/crypto v0.45.0 h1:jMBrvKuj23MTlT0bQEOBcAE0mjg8mK9RXFhRH6nyF3Q=
golang.org/x/crypto v0.45.0/go.mod h1:XTGrrkGJve7CYK7J8PEww4aY7gM3qMCElcJQ8n8JdX4=
golang.org/x/exp v0.0.0-20220428152302-39d4317da171 h1:TfdoLivD44QwvssI9Sv1xwa5DcL5XQr4au4sZ2F2NV4=
golang.org/x/exp v0.0.0-20220428152302-39d4317da171/go.mod h1:lgLbSvA5ygNOMpwM/9anMpWVlVJ7Z+cHWq/eFuinpGE=
golang.org/x/sys v0.38.0 h1:3yZWxaJjBmCWXqhN1qh02AkOnCQ1poK6oF+a7xWL6Gc=
golang.org/x/sys v0.38.0/go.mod h1:OgkHotnGiDImocRcuBABYBEXf8A9a87e/uXjp9XT3ks=
google.golang.org/protobuf v1.36.11 h1:fV6ZwhNocDyBLK0dj+fg8ektcVegBBuEolpbTQyBNVE=
google.golang.org/protobuf v1.36.11/go.mod h1:HTf+CrKn2C3g5S8VImy6tdcUvCska2kB7j23XfzDpco=
gopkg.in/check.v1 v0.0.0-20161208181325-20d25e280405 h1:yhCVgyC4o1eVCa2tZl7eS0r+SDo693bJlVdllGtEeKM=
gopkg.in/check.v1 v0.0.0-20161208181325-20d25e280405/go.mod h1:Co6ibVJAznAaIkqp8huTwlJQCZ016jof/cbN4VW5Yz0=
gopkg.in/yaml.v3 v3.0.1 h1:fxVm/GzAzEWqLHuvctI91KS9hhNmmWOoWu0XTYJS7CA=
gopkg.in/yaml.v3 v3.0.1/go.mod h1:K4uyk7z7BCEPqu6E+C64Yfv1cQ7kz7rIZviUmN+EgEM=
